
Microsoft Visual Studio Solution File, Format Version 12.00
Project("{2150E333-8FDC-42A3-9474-1A3956D46DE8}") = "src", "src", "{BC3B882A-166D-418B-824F-4BC4C3F7144A}"
	ProjectSection(SolutionItems) = preProject
		src\Directory.Packages.props = src\Directory.Packages.props
		src\Directory.Build.props = src\Directory.Build.props
	EndProjectSection
EndProject
Project("{2150E333-8FDC-42A3-9474-1A3956D46DE8}") = "solution", "solution", "{EFBB1705-49BA-4A87-A361-03054FB9DAEF}"
	ProjectSection(SolutionItems) = preProject
		.gitignore = .gitignore
		README.md = README.md
		LICENSE = LICENSE
	EndProjectSection
EndProject
Project("{FAE04EC0-301F-11D3-BF4B-00C04F79EFBC}") = "WebhooksCore", "src\WebhooksCore\WebhooksCore.csproj", "{D8E80770-F6EF-48B2-B4C1-DF3BC00D6E1D}"
EndProject
Project("{2150E333-8FDC-42A3-9474-1A3956D46DE8}") = "samples", "samples", "{98A2083A-9DD1-420C-92DC-F5B827FD01A1}"
EndProject
Project("{FAE04EC0-301F-11D3-BF4B-00C04F79EFBC}") = "WebhookEvents.Generator.Web", "samples\WebhookEvents.Generator.Web\WebhookEvents.Generator.Web.csproj", "{AB63FA3A-DCCE-4B25-9E3E-2EB673A9E9C5}"
EndProject
Project("{FAE04EC0-301F-11D3-BF4B-00C04F79EFBC}") = "WebhooksEvents.Receiver.Web", "samples\WebhooksEvents.Receiver.Web\WebhooksEvents.Receiver.Web.csproj", "{CA0017F4-A936-4034-9541-FF3AB9C9CE19}"
EndProject
Project("{FAE04EC0-301F-11D3-BF4B-00C04F79EFBC}") = "WebhookEvents.Shared", "samples\WebhookEvents.Shared\WebhookEvents.Shared.csproj", "{8FA7D061-2ACB-46FA-8EC7-D02037F54D49}"
EndProject
Project("{FAE04EC0-301F-11D3-BF4B-00C04F79EFBC}") = "WebhooksCore.Shared", "src\WebhooksCore.Shared\WebhooksCore.Shared.csproj", "{5F86A456-635D-43A9-B441-5608CF10563C}"
EndProject
Global
	GlobalSection(SolutionConfigurationPlatforms) = preSolution
		Debug|Any CPU = Debug|Any CPU
		Release|Any CPU = Release|Any CPU
	EndGlobalSection
	GlobalSection(ProjectConfigurationPlatforms) = postSolution
		{D8E80770-F6EF-48B2-B4C1-DF3BC00D6E1D}.Debug|Any CPU.ActiveCfg = Debug|Any CPU
		{D8E80770-F6EF-48B2-B4C1-DF3BC00D6E1D}.Debug|Any CPU.Build.0 = Debug|Any CPU
		{D8E80770-F6EF-48B2-B4C1-DF3BC00D6E1D}.Release|Any CPU.ActiveCfg = Release|Any CPU
		{D8E80770-F6EF-48B2-B4C1-DF3BC00D6E1D}.Release|Any CPU.Build.0 = Release|Any CPU
		{AB63FA3A-DCCE-4B25-9E3E-2EB673A9E9C5}.Debug|Any CPU.ActiveCfg = Debug|Any CPU
		{AB63FA3A-DCCE-4B25-9E3E-2EB673A9E9C5}.Debug|Any CPU.Build.0 = Debug|Any CPU
		{AB63FA3A-DCCE-4B25-9E3E-2EB673A9E9C5}.Release|Any CPU.ActiveCfg = Release|Any CPU
		{AB63FA3A-DCCE-4B25-9E3E-2EB673A9E9C5}.Release|Any CPU.Build.0 = Release|Any CPU
		{CA0017F4-A936-4034-9541-FF3AB9C9CE19}.Debug|Any CPU.ActiveCfg = Debug|Any CPU
		{CA0017F4-A936-4034-9541-FF3AB9C9CE19}.Debug|Any CPU.Build.0 = Debug|Any CPU
		{CA0017F4-A936-4034-9541-FF3AB9C9CE19}.Release|Any CPU.ActiveCfg = Release|Any CPU
		{CA0017F4-A936-4034-9541-FF3AB9C9CE19}.Release|Any CPU.Build.0 = Release|Any CPU
		{8FA7D061-2ACB-46FA-8EC7-D02037F54D49}.Debug|Any CPU.ActiveCfg = Debug|Any CPU
		{8FA7D061-2ACB-46FA-8EC7-D02037F54D49}.Debug|Any CPU.Build.0 = Debug|Any CPU
		{8FA7D061-2ACB-46FA-8EC7-D02037F54D49}.Release|Any CPU.ActiveCfg = Release|Any CPU
		{8FA7D061-2ACB-46FA-8EC7-D02037F54D49}.Release|Any CPU.Build.0 = Release|Any CPU
		{5F86A456-635D-43A9-B441-5608CF10563C}.Debug|Any CPU.ActiveCfg = Debug|Any CPU
		{5F86A456-635D-43A9-B441-5608CF10563C}.Debug|Any CPU.Build.0 = Debug|Any CPU
		{5F86A456-635D-43A9-B441-5608CF10563C}.Release|Any CPU.ActiveCfg = Release|Any CPU
		{5F86A456-635D-43A9-B441-5608CF10563C}.Release|Any CPU.Build.0 = Release|Any CPU
	EndGlobalSection
	GlobalSection(NestedProjects) = preSolution
		{D8E80770-F6EF-48B2-B4C1-DF3BC00D6E1D} = {BC3B882A-166D-418B-824F-4BC4C3F7144A}
		{AB63FA3A-DCCE-4B25-9E3E-2EB673A9E9C5} = {98A2083A-9DD1-420C-92DC-F5B827FD01A1}
		{CA0017F4-A936-4034-9541-FF3AB9C9CE19} = {98A2083A-9DD1-420C-92DC-F5B827FD01A1}
		{8FA7D061-2ACB-46FA-8EC7-D02037F54D49} = {98A2083A-9DD1-420C-92DC-F5B827FD01A1}
		{5F86A456-635D-43A9-B441-5608CF10563C} = {BC3B882A-166D-418B-824F-4BC4C3F7144A}
	EndGlobalSection
EndGlobal
